
Microsoft Visual Studio Solution File, Format Version 12.00
# Visual Studio Version 17
VisualStudioVersion = 17.5.002.0
MinimumVisualStudioVersion = 10.0.40219.1
Project("{9A19103F-16F7-4668-BE54-9A1E7A4F7556}") = "az204-cosmos", "az204-cosmos.csproj", "{35C4CD52-247E-4911-B424-5BC1AA02C713}"
EndProject
Global
	GlobalSection(SolutionConfigurationPlatforms) = preSolution
		Debug|Any CPU = Debug|Any CPU
		Release|Any CPU = Release|Any CPU
	EndGlobalSection
	GlobalSection(ProjectConfigurationPlatforms) = postSolution
		{35C4CD52-247E-4911-B424-5BC1AA02C713}.Debug|Any CPU.ActiveCfg = Debug|Any CPU
		{35C4CD52-247E-4911-B424-5BC1AA02C713}.Debug|Any CPU.Build.0 = Debug|Any CPU
		{35C4CD52-247E-4911-B424-5BC1AA02C713}.Release|Any CPU.ActiveCfg = Release|Any CPU
		{35C4CD52-247E-4911-B424-5BC1AA02C713}.Release|Any CPU.Build.0 = Release|Any CPU
	EndGlobalSection
	GlobalSection(SolutionProperties) = preSolution
		HideSolutionNode = FALSE
	EndGlobalSection
	GlobalSection(ExtensibilityGlobals) = postSolution
		SolutionGuid = {AF37F25E-E863-4907-AC06-C024DA4883B2}
	EndGlobalSection
EndGlobal
