
Microsoft Visual Studio Solution File, Format Version 12.00
# Visual Studio Version 17
VisualStudioVersion = 17.5.002.0
MinimumVisualStudioVersion = 10.0.40219.1
Project("{9A19103F-16F7-4668-BE54-9A1E7A4F7556}") = "Fraudulent_order", "Fraudulent_order.csproj", "{A7C33F09-D503-4E99-BE47-1BAC94AACF21}"
EndProject
Global
	GlobalSection(SolutionConfigurationPlatforms) = preSolution
		Debug|Any CPU = Debug|Any CPU
		Release|Any CPU = Release|Any CPU
	EndGlobalSection
	GlobalSection(ProjectConfigurationPlatforms) = postSolution
		{A7C33F09-D503-4E99-BE47-1BAC94AACF21}.Debug|Any CPU.ActiveCfg = Debug|Any CPU
		{A7C33F09-D503-4E99-BE47-1BAC94AACF21}.Debug|Any CPU.Build.0 = Debug|Any CPU
		{A7C33F09-D503-4E99-BE47-1BAC94AACF21}.Release|Any CPU.ActiveCfg = Release|Any CPU
		{A7C33F09-D503-4E99-BE47-1BAC94AACF21}.Release|Any CPU.Build.0 = Release|Any CPU
	EndGlobalSection
	GlobalSection(SolutionProperties) = preSolution
		HideSolutionNode = FALSE
	EndGlobalSection
	GlobalSection(ExtensibilityGlobals) = postSolution
		SolutionGuid = {E6771914-5CE9-4D73-B21D-7C6AA0B31FB9}
	EndGlobalSection
EndGlobal
